# This file is autogenerated, do not edit; changes may be undone by the next 'dep ensure'.


[[projects]]
  name = "github.com/assembla/cony"
  packages = ["."]
  revision = "dd62697b0adb9adfda8589520cb85f4cbc2361f1"
  version = "v0.3.2"

[[projects]]
  branch = "master"
  name = "github.com/streadway/amqp"
  packages = ["."]
  revision = "ff791c2d22d3f1588b4e2cc71a9fba5e1da90654"

[[projects]]
  branch = "v2"
  name = "gopkg.in/mgo.v2"
  packages = [".","bson","internal/json","internal/sasl","internal/scram"]
  revision = "3f83fa5005286a7fe593b055f0d7771a7dce4655"

[solve-meta]
  analyzer-name = "dep"
  analyzer-version = 1
  inputs-digest = "5c969104a6cde09fda7663e301282d3b921da12f277da77839dee0b7aadba174"
  solver-name = "gps-cdcl"
  solver-version = 1
